PODS:
  - EasyDi (1.6.1)
  - Kingfisher (5.9.0):
    - Kingfisher/Core (= 5.9.0)
  - Kingfisher/Core (5.9.0)

DEPENDENCIES:
  - EasyDi
  - Kingfisher (~> 5.0)

SPEC REPOS:
  trunk:
    - EasyDi
    - Kingfisher

SPEC CHECKSUMS:
  EasyDi: 3d7d4c0d3ad2d78b3ff22d4755590d32945f69cc
  Kingfisher: ff98240aebb7302bdc4f1ecd701761030ce18b16

PODFILE CHECKSUM: d56da2f5dd7325db024c2d13916a0deb9684eba8

COCOAPODS: 1.8.3
